
Microsoft Visual Studio Solution File, Format Version 12.00
# Visual Studio Version 17
VisualStudioVersion = 17.8.34511.84
MinimumVisualStudioVersion = 10.0.40219.1
Project("{9A19103F-16F7-4668-BE54-9A1E7A4F7556}") = "Catan 0.2", "Catan 0.2\Catan 0.2.csproj", "{6C6425FE-F6D1-41C2-B6CE-B929B61B925D}"
EndProject
Project("{9A19103F-16F7-4668-BE54-9A1E7A4F7556}") = "CatanGUI", "CatanGUI\CatanGUI.csproj", "{67F6E613-36CE-48B8-9CDC-EFC9B48E14C7}"
EndProject
Project("{FAE04EC0-301F-11D3-BF4B-00C04F79EFBC}") = "CatanLibrary", "CatanLibrary\CatanLibrary.csproj", "{3233AB5C-8F0F-4C1C-B5C4-7942BA2FD8E5}"
EndProject
Global
	GlobalSection(SolutionConfigurationPlatforms) = preSolution
		Debug|Any CPU = Debug|Any CPU
		Debug|ARM64 = Debug|ARM64
		Debug|x64 = Debug|x64
		Debug|x86 = Debug|x86
		Release|Any CPU = Release|Any CPU
		Release|ARM64 = Release|ARM64
		Release|x64 = Release|x64
		Release|x86 = Release|x86
	EndGlobalSection
	GlobalSection(ProjectConfigurationPlatforms) = postSolution
		{6C6425FE-F6D1-41C2-B6CE-B929B61B925D}.Debug|Any CPU.ActiveCfg = Debug|Any CPU
		{6C6425FE-F6D1-41C2-B6CE-B929B61B925D}.Debug|Any CPU.Build.0 = Debug|Any CPU
		{6C6425FE-F6D1-41C2-B6CE-B929B61B925D}.Debug|ARM64.ActiveCfg = Debug|Any CPU
		{6C6425FE-F6D1-41C2-B6CE-B929B61B925D}.Debug|ARM64.Build.0 = Debug|Any CPU
		{6C6425FE-F6D1-41C2-B6CE-B929B61B925D}.Debug|x64.ActiveCfg = Debug|Any CPU
		{6C6425FE-F6D1-41C2-B6CE-B929B61B925D}.Debug|x64.Build.0 = Debug|Any CPU
		{6C6425FE-F6D1-41C2-B6CE-B929B61B925D}.Debug|x86.ActiveCfg = Debug|Any CPU
		{6C6425FE-F6D1-41C2-B6CE-B929B61B925D}.Debug|x86.Build.0 = Debug|Any CPU
		{6C6425FE-F6D1-41C2-B6CE-B929B61B925D}.Release|Any CPU.ActiveCfg = Release|Any CPU
		{6C6425FE-F6D1-41C2-B6CE-B929B61B925D}.Release|Any CPU.Build.0 = Release|Any CPU
		{6C6425FE-F6D1-41C2-B6CE-B929B61B925D}.Release|ARM64.ActiveCfg = Release|Any CPU
		{6C6425FE-F6D1-41C2-B6CE-B929B61B925D}.Release|ARM64.Build.0 = Release|Any CPU
		{6C6425FE-F6D1-41C2-B6CE-B929B61B925D}.Release|x64.ActiveCfg = Release|Any CPU
		{6C6425FE-F6D1-41C2-B6CE-B929B61B925D}.Release|x64.Build.0 = Release|Any CPU
		{6C6425FE-F6D1-41C2-B6CE-B929B61B925D}.Release|x86.ActiveCfg = Release|Any CPU
		{6C6425FE-F6D1-41C2-B6CE-B929B61B925D}.Release|x86.Build.0 = Release|Any CPU
		{67F6E613-36CE-48B8-9CDC-EFC9B48E14C7}.Debug|Any CPU.ActiveCfg = Debug|x64
		{67F6E613-36CE-48B8-9CDC-EFC9B48E14C7}.Debug|Any CPU.Build.0 = Debug|x64
		{67F6E613-36CE-48B8-9CDC-EFC9B48E14C7}.Debug|Any CPU.Deploy.0 = Debug|x64
		{67F6E613-36CE-48B8-9CDC-EFC9B48E14C7}.Debug|ARM64.ActiveCfg = Debug|ARM64
		{67F6E613-36CE-48B8-9CDC-EFC9B48E14C7}.Debug|ARM64.Build.0 = Debug|ARM64
		{67F6E613-36CE-48B8-9CDC-EFC9B48E14C7}.Debug|ARM64.Deploy.0 = Debug|ARM64
		{67F6E613-36CE-48B8-9CDC-EFC9B48E14C7}.Debug|x64.ActiveCfg = Debug|x64
		{67F6E613-36CE-48B8-9CDC-EFC9B48E14C7}.Debug|x64.Build.0 = Debug|x64
		{67F6E613-36CE-48B8-9CDC-EFC9B48E14C7}.Debug|x64.Deploy.0 = Debug|x64
		{67F6E613-36CE-48B8-9CDC-EFC9B48E14C7}.Debug|x86.ActiveCfg = Debug|x86
		{67F6E613-36CE-48B8-9CDC-EFC9B48E14C7}.Debug|x86.Build.0 = Debug|x86
		{67F6E613-36CE-48B8-9CDC-EFC9B48E14C7}.Debug|x86.Deploy.0 = Debug|x86
		{67F6E613-36CE-48B8-9CDC-EFC9B48E14C7}.Release|Any CPU.ActiveCfg = Release|x64
		{67F6E613-36CE-48B8-9CDC-EFC9B48E14C7}.Release|Any CPU.Build.0 = Release|x64
		{67F6E613-36CE-48B8-9CDC-EFC9B48E14C7}.Release|Any CPU.Deploy.0 = Release|x64
		{67F6E613-36CE-48B8-9CDC-EFC9B48E14C7}.Release|ARM64.ActiveCfg = Release|ARM64
		{67F6E613-36CE-48B8-9CDC-EFC9B48E14C7}.Release|ARM64.Build.0 = Release|ARM64
		{67F6E613-36CE-48B8-9CDC-EFC9B48E14C7}.Release|ARM64.Deploy.0 = Release|ARM64
		{67F6E613-36CE-48B8-9CDC-EFC9B48E14C7}.Release|x64.ActiveCfg = Release|x64
		{67F6E613-36CE-48B8-9CDC-EFC9B48E14C7}.Release|x64.Build.0 = Release|x64
		{67F6E613-36CE-48B8-9CDC-EFC9B48E14C7}.Release|x64.Deploy.0 = Release|x64
		{67F6E613-36CE-48B8-9CDC-EFC9B48E14C7}.Release|x86.ActiveCfg = Release|x86
		{67F6E613-36CE-48B8-9CDC-EFC9B48E14C7}.Release|x86.Build.0 = Release|x86
		{67F6E613-36CE-48B8-9CDC-EFC9B48E14C7}.Release|x86.Deploy.0 = Release|x86
		{3233AB5C-8F0F-4C1C-B5C4-7942BA2FD8E5}.Debug|Any CPU.ActiveCfg = Debug|Any CPU
		{3233AB5C-8F0F-4C1C-B5C4-7942BA2FD8E5}.Debug|Any CPU.Build.0 = Debug|Any CPU
		{3233AB5C-8F0F-4C1C-B5C4-7942BA2FD8E5}.Debug|ARM64.ActiveCfg = Debug|Any CPU
		{3233AB5C-8F0F-4C1C-B5C4-7942BA2FD8E5}.Debug|ARM64.Build.0 = Debug|Any CPU
		{3233AB5C-8F0F-4C1C-B5C4-7942BA2FD8E5}.Debug|x64.ActiveCfg = Debug|Any CPU
		{3233AB5C-8F0F-4C1C-B5C4-7942BA2FD8E5}.Debug|x64.Build.0 = Debug|Any CPU
		{3233AB5C-8F0F-4C1C-B5C4-7942BA2FD8E5}.Debug|x86.ActiveCfg = Debug|Any CPU
		{3233AB5C-8F0F-4C1C-B5C4-7942BA2FD8E5}.Debug|x86.Build.0 = Debug|Any CPU
		{3233AB5C-8F0F-4C1C-B5C4-7942BA2FD8E5}.Release|Any CPU.ActiveCfg = Release|Any CPU
		{3233AB5C-8F0F-4C1C-B5C4-7942BA2FD8E5}.Release|Any CPU.Build.0 = Release|Any CPU
		{3233AB5C-8F0F-4C1C-B5C4-7942BA2FD8E5}.Release|ARM64.ActiveCfg = Release|Any CPU
		{3233AB5C-8F0F-4C1C-B5C4-7942BA2FD8E5}.Release|ARM64.Build.0 = Release|Any CPU
		{3233AB5C-8F0F-4C1C-B5C4-7942BA2FD8E5}.Release|x64.ActiveCfg = Release|Any CPU
		{3233AB5C-8F0F-4C1C-B5C4-7942BA2FD8E5}.Release|x64.Build.0 = Release|Any CPU
		{3233AB5C-8F0F-4C1C-B5C4-7942BA2FD8E5}.Release|x86.ActiveCfg = Release|Any CPU
		{3233AB5C-8F0F-4C1C-B5C4-7942BA2FD8E5}.Release|x86.Build.0 = Release|Any CPU
	EndGlobalSection
	GlobalSection(SolutionProperties) = preSolution
		HideSolutionNode = FALSE
	EndGlobalSection
	GlobalSection(ExtensibilityGlobals) = postSolution
		SolutionGuid = {10B30A3A-106B-4D58-846A-6017448E461D}
	EndGlobalSection
EndGlobal
